
Microsoft Visual Studio Solution File, Format Version 12.00
# Visual Studio Version 16
VisualStudioVersion = 16.0.30204.135
MinimumVisualStudioVersion = 10.0.40219.1
Project("{FAE04EC0-301F-11D3-BF4B-00C04F79EFBC}") = "Calculator", "Calculator\Calculator.csproj", "{A0D76B09-9141-48F5-BDF0-9332938B1E34}"
EndProject
Global
	GlobalSection(SolutionConfigurationPlatforms) = preSolution
		Debug|Any CPU = Debug|Any CPU
		Release|Any CPU = Release|Any CPU
	EndGlobalSection
	GlobalSection(ProjectConfigurationPlatforms) = postSolution
		{A0D76B09-9141-48F5-BDF0-9332938B1E34}.Debug|Any CPU.ActiveCfg = Debug|Any CPU
		{A0D76B09-9141-48F5-BDF0-9332938B1E34}.Debug|Any CPU.Build.0 = Debug|Any CPU
		{A0D76B09-9141-48F5-BDF0-9332938B1E34}.Release|Any CPU.ActiveCfg = Release|Any CPU
		{A0D76B09-9141-48F5-BDF0-9332938B1E34}.Release|Any CPU.Build.0 = Release|Any CPU
	EndGlobalSection
	GlobalSection(SolutionProperties) = preSolution
		HideSolutionNode = FALSE
	EndGlobalSection
	GlobalSection(ExtensibilityGlobals) = postSolution
		SolutionGuid = {288F2F45-9DA9-4316-BA48-B6AEBFD2337D}
	EndGlobalSection
EndGlobal
